
Microsoft Visual Studio Solution File, Format Version 12.00
# Visual Studio Version 17
VisualStudioVersion = 17.8.34408.163
MinimumVisualStudioVersion = 10.0.40219.1
Project("{FAE04EC0-301F-11D3-BF4B-00C04F79EFBC}") = "Status_Of_Project_Services", "Status_Of_Project_Services.csproj", "{699301B1-1584-4449-8B50-492C34D1B9F3}"
EndProject
Global
	GlobalSection(SolutionConfigurationPlatforms) = preSolution
		Debug|Any CPU = Debug|Any CPU
		Release|Any CPU = Release|Any CPU
	EndGlobalSection
	GlobalSection(ProjectConfigurationPlatforms) = postSolution
		{699301B1-1584-4449-8B50-492C34D1B9F3}.Debug|Any CPU.ActiveCfg = Debug|Any CPU
		{699301B1-1584-4449-8B50-492C34D1B9F3}.Debug|Any CPU.Build.0 = Debug|Any CPU
		{699301B1-1584-4449-8B50-492C34D1B9F3}.Release|Any CPU.ActiveCfg = Release|Any CPU
		{699301B1-1584-4449-8B50-492C34D1B9F3}.Release|Any CPU.Build.0 = Release|Any CPU
	EndGlobalSection
	GlobalSection(SolutionProperties) = preSolution
		HideSolutionNode = FALSE
	EndGlobalSection
	GlobalSection(ExtensibilityGlobals) = postSolution
		SolutionGuid = {DAC588FF-3A44-4F7E-9B32-ADD79F15BB7B}
	EndGlobalSection
EndGlobal
